
Microsoft Visual Studio Solution File, Format Version 12.00
# Visual Studio Version 17
VisualStudioVersion = 17.0.32014.148
MinimumVisualStudioVersion = 10.0.40219.1
Project("{9A19103F-16F7-4668-BE54-9A1E7A4F7556}") = "BlazorCourseWebAssembly", "BlazorCourseWebAssembly.csproj", "{FC6B5F12-1060-4231-B34F-828D5E09F5DA}"
EndProject
Global
	GlobalSection(SolutionConfigurationPlatforms) = preSolution
		Debug|Any CPU = Debug|Any CPU
		Release|Any CPU = Release|Any CPU
	EndGlobalSection
	GlobalSection(ProjectConfigurationPlatforms) = postSolution
		{FC6B5F12-1060-4231-B34F-828D5E09F5DA}.Debug|Any CPU.ActiveCfg = Debug|Any CPU
		{FC6B5F12-1060-4231-B34F-828D5E09F5DA}.Debug|Any CPU.Build.0 = Debug|Any CPU
		{FC6B5F12-1060-4231-B34F-828D5E09F5DA}.Release|Any CPU.ActiveCfg = Release|Any CPU
		{FC6B5F12-1060-4231-B34F-828D5E09F5DA}.Release|Any CPU.Build.0 = Release|Any CPU
	EndGlobalSection
	GlobalSection(SolutionProperties) = preSolution
		HideSolutionNode = FALSE
	EndGlobalSection
	GlobalSection(ExtensibilityGlobals) = postSolution
		SolutionGuid = {5DED5A5B-6400-4152-A571-B335988C7A6F}
	EndGlobalSection
EndGlobal
